
Microsoft Visual Studio Solution File, Format Version 12.00
# Visual Studio Version 17
VisualStudioVersion = 17.8.34322.80
MinimumVisualStudioVersion = 10.0.40219.1
Project("{9A19103F-16F7-4668-BE54-9A1E7A4F7556}") = "Day2", "Day2\Day2.csproj", "{017A4B6E-F3AE-4E84-B244-020BD2C3E0D1}"
EndProject
Project("{FAE04EC0-301F-11D3-BF4B-00C04F79EFBC}") = "Day3", "Day3\Day3.csproj", "{66609085-AACC-4AFF-B0BA-6EB89631235B}"
EndProject
Global
	GlobalSection(SolutionConfigurationPlatforms) = preSolution
		Debug|Any CPU = Debug|Any CPU
		Release|Any CPU = Release|Any CPU
	EndGlobalSection
	GlobalSection(ProjectConfigurationPlatforms) = postSolution
		{017A4B6E-F3AE-4E84-B244-020BD2C3E0D1}.Debug|Any CPU.ActiveCfg = Debug|Any CPU
		{017A4B6E-F3AE-4E84-B244-020BD2C3E0D1}.Debug|Any CPU.Build.0 = Debug|Any CPU
		{017A4B6E-F3AE-4E84-B244-020BD2C3E0D1}.Release|Any CPU.ActiveCfg = Release|Any CPU
		{017A4B6E-F3AE-4E84-B244-020BD2C3E0D1}.Release|Any CPU.Build.0 = Release|Any CPU
		{66609085-AACC-4AFF-B0BA-6EB89631235B}.Debug|Any CPU.ActiveCfg = Debug|Any CPU
		{66609085-AACC-4AFF-B0BA-6EB89631235B}.Debug|Any CPU.Build.0 = Debug|Any CPU
		{66609085-AACC-4AFF-B0BA-6EB89631235B}.Release|Any CPU.ActiveCfg = Release|Any CPU
		{66609085-AACC-4AFF-B0BA-6EB89631235B}.Release|Any CPU.Build.0 = Release|Any CPU
	EndGlobalSection
	GlobalSection(SolutionProperties) = preSolution
		HideSolutionNode = FALSE
	EndGlobalSection
	GlobalSection(ExtensibilityGlobals) = postSolution
		SolutionGuid = {8609E878-5240-4866-9D7E-4F20093A6166}
	EndGlobalSection
EndGlobal
